
Microsoft Visual Studio Solution File, Format Version 12.00
# Visual Studio Version 17
VisualStudioVersion = 17.6.33712.159
MinimumVisualStudioVersion = 10.0.40219.1
Project("{FAE04EC0-301F-11D3-BF4B-00C04F79EFBC}") = "ControleConstraste", "ControleConstraste\ControleConstraste.csproj", "{92FDD52E-AEAC-40DD-8796-85D16FA3C86B}"
EndProject
Global
	GlobalSection(SolutionConfigurationPlatforms) = preSolution
		Debug|Any CPU = Debug|Any CPU
		Release|Any CPU = Release|Any CPU
	EndGlobalSection
	GlobalSection(ProjectConfigurationPlatforms) = postSolution
		{92FDD52E-AEAC-40DD-8796-85D16FA3C86B}.Debug|Any CPU.ActiveCfg = Debug|Any CPU
		{92FDD52E-AEAC-40DD-8796-85D16FA3C86B}.Debug|Any CPU.Build.0 = Debug|Any CPU
		{92FDD52E-AEAC-40DD-8796-85D16FA3C86B}.Release|Any CPU.ActiveCfg = Release|Any CPU
		{92FDD52E-AEAC-40DD-8796-85D16FA3C86B}.Release|Any CPU.Build.0 = Release|Any CPU
	EndGlobalSection
	GlobalSection(SolutionProperties) = preSolution
		HideSolutionNode = FALSE
	EndGlobalSection
	GlobalSection(ExtensibilityGlobals) = postSolution
		SolutionGuid = {D99132E6-E38D-47B4-9030-467F8A2CE472}
	EndGlobalSection
EndGlobal
